{
  "name": "@vdtechie/math-lib",
  "version": "1.0.0",
  "lockfileVersion": 3,
  "requires": true,
  "packages": {
    "": {
      "name": "@vdtechie/math-lib",
      "version": "1.0.0",
      "license": "MIT",
      "dependencies": {
        "@vdtechie/math-lib": "^1.0.0"
      }
    },
    "node_modules/@vdtechie/math-lib": {
      "version": "1.0.0",
      "resolved": "https://npm.pkg.github.com/download/@vdtechie/math-lib/1.0.0/fc197057dfeb04ddc8241b2e31c36fc3a256a09c",
      "integrity": "sha512-ZUn5e2rSHeUMzJETSG2+wqJ0BfCPw6AMRmPtH6WFhxu4XsvOJrV7RJmuDxQBl6/AxFEqfdgN2MNCcdo/lxD6Rw==",
      "license": "MIT"
    }
  }
}
